{
  "lockfileVersion": 1,
  "configVersion": 1,
  "workspaces": {
    "": {
      "dependencies": {
        "@types/hammerjs": "^2.0.46",
        "hammerjs": "^2.0.8",
        "localforage": "^1.10.0",
      },
      "devDependencies": {
        "@types/bun": "latest",
        "sass-embedded": "^1.97.1",
      },
      "peerDependencies": {
        "typescript": "^5",
      },
    },
  },
  "packages": {
    "@bufbuild/protobuf": ["@bufbuild/protobuf@2.10.2", "", {}, "sha512-uFsRXwIGyu+r6AMdz+XijIIZJYpoWeYzILt5yZ2d3mCjQrWUTVpVD9WL/jZAbvp+Ed04rOhrsk7FiTcEDseB5A=="],

    "@parcel/watcher": ["@parcel/watcher@2.5.1", "", { "dependencies": { "detect-libc": "^1.0.3", "is-glob": "^4.0.3", "micromatch": "^4.0.5", "node-addon-api": "^7.0.0" }, "optionalDependencies": { "@parcel/watcher-android-arm64": "2.5.1", "@parcel/watcher-darwin-arm64": "2.5.1", "@parcel/watcher-darwin-x64": "2.5.1", "@parcel/watcher-freebsd-x64": "2.5.1", "@parcel/watcher-linux-arm-glibc": "2.5.1", "@parcel/watcher-linux-arm-musl": "2.5.1", "@parcel/watcher-linux-arm64-glibc": "2.5.1", "@parcel/watcher-linux-arm64-musl": "2.5.1", "@parcel/watcher-linux-x64-glibc": "2.5.1", "@parcel/watcher-linux-x64-musl": "2.5.1", "@parcel/watcher-win32-arm64": "2.5.1", "@parcel/watcher-win32-ia32": "2.5.1", "@parcel/watcher-win32-x64": "2.5.1" } }, "sha512-dfUnCxiN9H4ap84DvD2ubjw+3vUNpstxa0TneY/Paat8a3R4uQZDLSvWjmznAY/DoahqTHl9V46HF/Zs3F29pg=="],

    "@parcel/watcher-android-arm64": ["@parcel/watcher-android-arm64@2.5.1", "", { "os": "android", "cpu": "arm64" }, "sha512-KF8+j9nNbUN8vzOFDpRMsaKBHZ/mcjEjMToVMJOhTozkDonQFFrRcfdLWn6yWKCmJKmdVxSgHiYvTCef4/qcBA=="],

    "@parcel/watcher-darwin-arm64": ["@parcel/watcher-darwin-arm64@2.5.1", "", { "os": "darwin", "cpu": "arm64" }, "sha512-eAzPv5osDmZyBhou8PoF4i6RQXAfeKL9tjb3QzYuccXFMQU0ruIc/POh30ePnaOyD1UXdlKguHBmsTs53tVoPw=="],

    "@parcel/watcher-darwin-x64": ["@parcel/watcher-darwin-x64@2.5.1", "", { "os": "darwin", "cpu": "x64" }, "sha512-1ZXDthrnNmwv10A0/3AJNZ9JGlzrF82i3gNQcWOzd7nJ8aj+ILyW1MTxVk35Db0u91oD5Nlk9MBiujMlwmeXZg=="],

    "@parcel/watcher-freebsd-x64": ["@parcel/watcher-freebsd-x64@2.5.1", "", { "os": "freebsd", "cpu": "x64" }, "sha512-SI4eljM7Flp9yPuKi8W0ird8TI/JK6CSxju3NojVI6BjHsTyK7zxA9urjVjEKJ5MBYC+bLmMcbAWlZ+rFkLpJQ=="],

    "@parcel/watcher-linux-arm-glibc": ["@parcel/watcher-linux-arm-glibc@2.5.1", "", { "os": "linux", "cpu": "arm" }, "sha512-RCdZlEyTs8geyBkkcnPWvtXLY44BCeZKmGYRtSgtwwnHR4dxfHRG3gR99XdMEdQ7KeiDdasJwwvNSF5jKtDwdA=="],

    "@parcel/watcher-linux-arm-musl": ["@parcel/watcher-linux-arm-musl@2.5.1", "", { "os": "linux", "cpu": "arm" }, "sha512-6E+m/Mm1t1yhB8X412stiKFG3XykmgdIOqhjWj+VL8oHkKABfu/gjFj8DvLrYVHSBNC+/u5PeNrujiSQ1zwd1Q=="],

    "@parcel/watcher-linux-arm64-glibc": ["@parcel/watcher-linux-arm64-glibc@2.5.1", "", { "os": "linux", "cpu": "arm64" }, "sha512-LrGp+f02yU3BN9A+DGuY3v3bmnFUggAITBGriZHUREfNEzZh/GO06FF5u2kx8x+GBEUYfyTGamol4j3m9ANe8w=="],

    "@parcel/watcher-linux-arm64-musl": ["@parcel/watcher-linux-arm64-musl@2.5.1", "", { "os": "linux", "cpu": "arm64" }, "sha512-cFOjABi92pMYRXS7AcQv9/M1YuKRw8SZniCDw0ssQb/noPkRzA+HBDkwmyOJYp5wXcsTrhxO0zq1U11cK9jsFg=="],

    "@parcel/watcher-linux-x64-glibc": ["@parcel/watcher-linux-x64-glibc@2.5.1", "", { "os": "linux", "cpu": "x64" }, "sha512-GcESn8NZySmfwlTsIur+49yDqSny2IhPeZfXunQi48DMugKeZ7uy1FX83pO0X22sHntJ4Ub+9k34XQCX+oHt2A=="],

    "@parcel/watcher-linux-x64-musl": ["@parcel/watcher-linux-x64-musl@2.5.1", "", { "os": "linux", "cpu": "x64" }, "sha512-n0E2EQbatQ3bXhcH2D1XIAANAcTZkQICBPVaxMeaCVBtOpBZpWJuf7LwyWPSBDITb7In8mqQgJ7gH8CILCURXg=="],

    "@parcel/watcher-win32-arm64": ["@parcel/watcher-win32-arm64@2.5.1", "", { "os": "win32", "cpu": "arm64" }, "sha512-RFzklRvmc3PkjKjry3hLF9wD7ppR4AKcWNzH7kXR7GUe0Igb3Nz8fyPwtZCSquGrhU5HhUNDr/mKBqj7tqA2Vw=="],

    "@parcel/watcher-win32-ia32": ["@parcel/watcher-win32-ia32@2.5.1", "", { "os": "win32", "cpu": "ia32" }, "sha512-c2KkcVN+NJmuA7CGlaGD1qJh1cLfDnQsHjE89E60vUEMlqduHGCdCLJCID5geFVM0dOtA3ZiIO8BoEQmzQVfpQ=="],

    "@parcel/watcher-win32-x64": ["@parcel/watcher-win32-x64@2.5.1", "", { "os": "win32", "cpu": "x64" }, "sha512-9lHBdJITeNR++EvSQVUcaZoWupyHfXe1jZvGZ06O/5MflPcuPLtEphScIBL+AiCWBO46tDSHzWyD0uDmmZqsgA=="],

    "@types/bun": ["@types/bun@1.3.5", "", { "dependencies": { "bun-types": "1.3.5" } }, "sha512-RnygCqNrd3srIPEWBd5LFeUYG7plCoH2Yw9WaZGyNmdTEei+gWaHqydbaIRkIkcbXwhBT94q78QljxN0Sk838w=="],

    "@types/hammerjs": ["@types/hammerjs@2.0.46", "", {}, "sha512-ynRvcq6wvqexJ9brDMS4BnBLzmr0e14d6ZJTEShTBWKymQiHwlAyGu0ZPEFI2Fh1U53F7tN9ufClWM5KvqkKOw=="],

    "@types/node": ["@types/node@25.0.3", "", { "dependencies": { "undici-types": "~7.16.0" } }, "sha512-W609buLVRVmeW693xKfzHeIV6nJGGz98uCPfeXI1ELMLXVeKYZ9m15fAMSaUPBHYLGFsVRcMmSCksQOrZV9BYA=="],

    "braces": ["braces@3.0.3", "", { "dependencies": { "fill-range": "^7.1.1" } }, "sha512-yQbXgO/OSZVD2IsiLlro+7Hf6Q18EJrKSEsdoMzKePKXct3gvD8oLcOQdIzGupr5Fj+EDe8gO/lxc1BzfMpxvA=="],

    "buffer-builder": ["buffer-builder@0.2.0", "", {}, "sha512-7VPMEPuYznPSoR21NE1zvd2Xna6c/CloiZCfcMXR1Jny6PjX0N4Nsa38zcBFo/FMK+BlA+FLKbJCQ0i2yxp+Xg=="],

    "bun-types": ["bun-types@1.3.5", "", { "dependencies": { "@types/node": "*" } }, "sha512-inmAYe2PFLs0SUbFOWSVD24sg1jFlMPxOjOSSCYqUgn4Hsc3rDc7dFvfVYjFPNHtov6kgUeulV4SxbuIV/stPw=="],

    "chokidar": ["chokidar@4.0.3", "", { "dependencies": { "readdirp": "^4.0.1" } }, "sha512-Qgzu8kfBvo+cA4962jnP1KkS6Dop5NS6g7R5LFYJr4b8Ub94PPQXUksCw9PvXoeXPRRddRNC5C1JQUR2SMGtnA=="],

    "colorjs.io": ["colorjs.io@0.5.2", "", {}, "sha512-twmVoizEW7ylZSN32OgKdXRmo1qg+wT5/6C3xu5b9QsWzSFAhHLn2xd8ro0diCsKfCj1RdaTP/nrcW+vAoQPIw=="],

    "detect-libc": ["detect-libc@1.0.3", "", { "bin": { "detect-libc": "./bin/detect-libc.js" } }, "sha512-pGjwhsmsp4kL2RTz08wcOlGN83otlqHeD/Z5T8GXZB+/YcpQ/dgo+lbU8ZsGxV0HIvqqxo9l7mqYwyYMD9bKDg=="],

    "fill-range": ["fill-range@7.1.1", "", { "dependencies": { "to-regex-range": "^5.0.1" } }, "sha512-YsGpe3WHLK8ZYi4tWDg2Jy3ebRz2rXowDxnld4bkQB00cc/1Zw9AWnC0i9ztDJitivtQvaI9KaLyKrc+hBW0yg=="],

    "hammerjs": ["hammerjs@2.0.8", "", {}, "sha512-tSQXBXS/MWQOn/RKckawJ61vvsDpCom87JgxiYdGwHdOa0ht0vzUWDlfioofFCRU0L+6NGDt6XzbgoJvZkMeRQ=="],

    "has-flag": ["has-flag@4.0.0", "", {}, "sha512-EykJT/Q1KjTWctppgIAgfSO0tKVuZUjhgMr17kqTumMl6Afv3EISleU7qZUzoXDFTAHTDC4NOoG/ZxU3EvlMPQ=="],

    "immediate": ["immediate@3.0.6", "", {}, "sha512-XXOFtyqDjNDAQxVfYxuF7g9Il/IbWmmlQg2MYKOH8ExIT1qg6xc4zyS3HaEEATgs1btfzxq15ciUiY7gjSXRGQ=="],

    "immutable": ["immutable@5.1.4", "", {}, "sha512-p6u1bG3YSnINT5RQmx/yRZBpenIl30kVxkTLDyHLIMk0gict704Q9n+thfDI7lTRm9vXdDYutVzXhzcThxTnXA=="],

    "is-extglob": ["is-extglob@2.1.1", "", {}, "sha512-SbKbANkN603Vi4jEZv49LeVJMn4yGwsbzZworEoyEiutsN3nJYdbO36zfhGJ6QEDpOZIFkDtnq5JRxmvl3jsoQ=="],

    "is-glob": ["is-glob@4.0.3", "", { "dependencies": { "is-extglob": "^2.1.1" } }, "sha512-xelSayHH36ZgE7ZWhli7pW34hNbNl8Ojv5KVmkJD4hBdD3th8Tfk9vYasLM+mXWOZhFkgZfxhLSnrwRr4elSSg=="],

    "is-number": ["is-number@7.0.0", "", {}, "sha512-41Cifkg6e8TylSpdtTpeLVMqvSBEVzTttHvERD741+pnZ8ANv0004MRL43QKPDlK9cGvNp6NZWZUBlbGXYxxng=="],

    "lie": ["lie@3.1.1", "", { "dependencies": { "immediate": "~3.0.5" } }, "sha512-RiNhHysUjhrDQntfYSfY4MU24coXXdEOgw9WGcKHNeEwffDYbF//u87M1EWaMGzuFoSbqW0C9C6lEEhDOAswfw=="],

    "localforage": ["localforage@1.10.0", "", { "dependencies": { "lie": "3.1.1" } }, "sha512-14/H1aX7hzBBmmh7sGPd+AOMkkIrHM3Z1PAyGgZigA1H1p5O5ANnMyWzvpAETtG68/dC4pC0ncy3+PPGzXZHPg=="],

    "micromatch": ["micromatch@4.0.8", "", { "dependencies": { "braces": "^3.0.3", "picomatch": "^2.3.1" } }, "sha512-PXwfBhYu0hBCPw8Dn0E+WDYb7af3dSLVWKi3HGv84IdF4TyFoC0ysxFd0Goxw7nSv4T/PzEJQxsYsEiFCKo2BA=="],

    "node-addon-api": ["node-addon-api@7.1.1", "", {}, "sha512-5m3bsyrjFWE1xf7nz7YXdN4udnVtXK6/Yfgn5qnahL6bCkf2yKt4k3nuTKAtT4r3IG8JNR2ncsIMdZuAzJjHQQ=="],

    "picomatch": ["picomatch@2.3.1", "", {}, "sha512-JU3teHTNjmE2VCGFzuY8EXzCDVwEqB2a8fsIvwaStHhAWJEeVd1o1QD80CU6+ZdEXXSLbSsuLwJjkCBWqRQUVA=="],

    "readdirp": ["readdirp@4.1.2", "", {}, "sha512-GDhwkLfywWL2s6vEjyhri+eXmfH6j1L7JE27WhqLeYzoh/A3DBaYGEj2H/HFZCn/kMfim73FXxEJTw06WtxQwg=="],

    "rxjs": ["rxjs@7.8.2", "", { "dependencies": { "tslib": "^2.1.0" } }, "sha512-dhKf903U/PQZY6boNNtAGdWbG85WAbjT/1xYoZIC7FAY0yWapOBQVsVrDl58W86//e1VpMNBtRV4MaXfdMySFA=="],

    "sass": ["sass@1.97.1", "", { "dependencies": { "chokidar": "^4.0.0", "immutable": "^5.0.2", "source-map-js": ">=0.6.2 <2.0.0" }, "optionalDependencies": { "@parcel/watcher": "^2.4.1" }, "bin": { "sass": "sass.js" } }, "sha512-uf6HoO8fy6ClsrShvMgaKUn14f2EHQLQRtpsZZLeU/Mv0Q1K5P0+x2uvH6Cub39TVVbWNSrraUhDAoFph6vh0A=="],

    "sass-embedded": ["sass-embedded@1.97.1", "", { "dependencies": { "@bufbuild/protobuf": "^2.5.0", "buffer-builder": "^0.2.0", "colorjs.io": "^0.5.0", "immutable": "^5.0.2", "rxjs": "^7.4.0", "supports-color": "^8.1.1", "sync-child-process": "^1.0.2", "varint": "^6.0.0" }, "optionalDependencies": { "sass-embedded-all-unknown": "1.97.1", "sass-embedded-android-arm": "1.97.1", "sass-embedded-android-arm64": "1.97.1", "sass-embedded-android-riscv64": "1.97.1", "sass-embedded-android-x64": "1.97.1", "sass-embedded-darwin-arm64": "1.97.1", "sass-embedded-darwin-x64": "1.97.1", "sass-embedded-linux-arm": "1.97.1", "sass-embedded-linux-arm64": "1.97.1", "sass-embedded-linux-musl-arm": "1.97.1", "sass-embedded-linux-musl-arm64": "1.97.1", "sass-embedded-linux-musl-riscv64": "1.97.1", "sass-embedded-linux-musl-x64": "1.97.1", "sass-embedded-linux-riscv64": "1.97.1", "sass-embedded-linux-x64": "1.97.1", "sass-embedded-unknown-all": "1.97.1", "sass-embedded-win32-arm64": "1.97.1", "sass-embedded-win32-x64": "1.97.1" }, "bin": { "sass": "dist/bin/sass.js" } }, "sha512-wH3CbOThHYGX0bUyqFf7laLKyhVWIFc2lHynitkqMIUCtX2ixH9mQh0bN7+hkUu5BFt/SXvEMjFbkEbBMpQiSQ=="],

    "sass-embedded-all-unknown": ["sass-embedded-all-unknown@1.97.1", "", { "dependencies": { "sass": "1.97.1" }, "cpu": [ "!arm", "!x64", "!arm64", ] }, "sha512-0au5gUNibfob7W/g+ycBx74O22CL8vwHiZdEDY6J0uzMkHPiSJk//h0iRf5AUnMArFHJjFd3urIiQIaoRKYa1Q=="],

    "sass-embedded-android-arm": ["sass-embedded-android-arm@1.97.1", "", { "os": "android", "cpu": "arm" }, "sha512-B5dlv4utJ+yC8ZpBeWTHwSZPVKRlqA8pcaD0FAzeNm/DelIFgQUQtt0UwgYoAI6wDIiie5uSVpMK9l2DaCbiBQ=="],

    "sass-embedded-android-arm64": ["sass-embedded-android-arm64@1.97.1", "", { "os": "android", "cpu": "arm64" }, "sha512-h62DmOiS2Jn87s8+8GhJcMerJnTKa1IsIa9iIKjLiqbAvBDKCGUs027RugZkM+Zx7I+vhPq86PUXBYZ9EkRxdw=="],

    "sass-embedded-android-riscv64": ["sass-embedded-android-riscv64@1.97.1", "", { "os": "android", "cpu": "none" }, "sha512-tGup88vgaXPnUHEgDMujrt5rfYadvkiVjRb/45FJTx2hQFoGVbmUXz5XqUFjIIbEjQ3kAJqp86A2jy11s43UiQ=="],

    "sass-embedded-android-x64": ["sass-embedded-android-x64@1.97.1", "", { "os": "android", "cpu": "x64" }, "sha512-CAzKjjzu90LZduye2O9+UGX1oScMyF5/RVOa5CxACKALeIS+3XL3LVdV47kwKPoBv5B1aFUvGLscY0CR7jBAbg=="],

    "sass-embedded-darwin-arm64": ["sass-embedded-darwin-arm64@1.97.1", "", { "os": "darwin", "cpu": "arm64" }, "sha512-tyDzspzh5PbqdAFGtVKUXuf0up6Lff3c1U8J7+4Y7jW6AWRBnq95vTzIIxfnNifGCTI2fW5e7GAZpYygKpNwcw=="],

    "sass-embedded-darwin-x64": ["sass-embedded-darwin-x64@1.97.1", "", { "os": "darwin", "cpu": "x64" }, "sha512-FMrRuSPI2ICt2M2SYaLbiG4yxn86D6ae+XtrRdrrBMhWprAcB7Iyu67bgRzZkipMZNIKKeTR7EUvJHgZzi5ixQ=="],

    "sass-embedded-linux-arm": ["sass-embedded-linux-arm@1.97.1", "", { "os": "linux", "cpu": "arm" }, "sha512-48VxaTUApLyx1NXFdZhKqI/7FYLmz8Ju3Ki2V/p+mhn5raHgAiYeFgn8O1WGxTOh+hBb9y3FdSR5a8MNTbmKMQ=="],

    "sass-embedded-linux-arm64": ["sass-embedded-linux-arm64@1.97.1", "", { "os": "linux", "cpu": "arm64" }, "sha512-im80gfDWRivw9Su3r3YaZmJaCATcJgu3CsCSLodPk1b1R2+X/E12zEQayvrl05EGT9PDwTtuiqKgS4ND4xjwVg=="],

    "sass-embedded-linux-musl-arm": ["sass-embedded-linux-musl-arm@1.97.1", "", { "os": "linux", "cpu": "arm" }, "sha512-FUFs466t3PVViVOKY/60JgLLtl61Pf7OW+g5BeEfuqVcSvYUECVHeiYHtX1fT78PEVa0h9tHpM6XpWti+7WYFA=="],

    "sass-embedded-linux-musl-arm64": ["sass-embedded-linux-musl-arm64@1.97.1", "", { "os": "linux", "cpu": "arm64" }, "sha512-kD35WSD9o0279Ptwid3Jnbovo1FYnuG2mayYk9z4ZI4mweXEK6vTu+tlvCE/MdF/zFKSj11qaxaH+uzXe2cO5A=="],

    "sass-embedded-linux-musl-riscv64": ["sass-embedded-linux-musl-riscv64@1.97.1", "", { "os": "linux", "cpu": "none" }, "sha512-ZgpYps5YHuhA2+KiLkPukRbS5298QObgUhPll/gm5i0LOZleKCwrFELpVPcbhsSBuxqji2uaag5OL+n3JRBVVg=="],

    "sass-embedded-linux-musl-x64": ["sass-embedded-linux-musl-x64@1.97.1", "", { "os": "linux", "cpu": "x64" }, "sha512-wcAigOyyvZ6o1zVypWV7QLZqpOEVnlBqJr9MbpnRIm74qFTSbAEmShoh8yMXBymzuVSmEbThxAwW01/TLf62tA=="],

    "sass-embedded-linux-riscv64": ["sass-embedded-linux-riscv64@1.97.1", "", { "os": "linux", "cpu": "none" }, "sha512-9j1qE1ZrLMuGb+LUmBzw93Z4TNfqlRkkxjPVZy6u5vIggeSfvGbte7eRoYBNWX6SFew/yBCL90KXIirWFSGrlQ=="],

    "sass-embedded-linux-x64": ["sass-embedded-linux-x64@1.97.1", "", { "os": "linux", "cpu": "x64" }, "sha512-7nrLFYMH/UgvEgXR5JxQJ6y9N4IJmnFnYoDxN0nw0jUp+CQWQL4EJ4RqAKTGelneueRbccvt2sEyPK+X0KJ9Jg=="],

    "sass-embedded-unknown-all": ["sass-embedded-unknown-all@1.97.1", "", { "dependencies": { "sass": "1.97.1" }, "os": [ "!linux", "!win32", "!darwin", "!android", ] }, "sha512-oPSeKc7vS2dx3ZJHiUhHKcyqNq0GWzAiR8zMVpPd/kVMl5ZfVyw+5HTCxxWDBGkX02lNpou27JkeBPCaneYGAQ=="],

    "sass-embedded-win32-arm64": ["sass-embedded-win32-arm64@1.97.1", "", { "os": "win32", "cpu": "arm64" }, "sha512-L5j7J6CbZgHGwcfVedMVpM3z5MYeighcyZE8GF2DVmjWzZI3JtPKNY11wNTD/P9o1Uql10YPOKhGH0iWIXOT7Q=="],

    "sass-embedded-win32-x64": ["sass-embedded-win32-x64@1.97.1", "", { "os": "win32", "cpu": "x64" }, "sha512-rfaZAKXU8cW3E7gvdafyD6YtgbEcsDeT99OEiHXRT0UGFuXT8qCOjpAwIKaOA3XXr2d8S42xx6cXcaZ1a+1fgw=="],

    "source-map-js": ["source-map-js@1.2.1", "", {}, "sha512-UXWMKhLOwVKb728IUtQPXxfYU+usdybtUrK/8uGE8CQMvrhOpwvzDBwj0QhSL7MQc7vIsISBG8VQ8+IDQxpfQA=="],

    "supports-color": ["supports-color@8.1.1", "", { "dependencies": { "has-flag": "^4.0.0" } }, "sha512-MpUEN2OodtUzxvKQl72cUF7RQ5EiHsGvSsVG0ia9c5RbWGL2CI4C7EpPS8UTBIplnlzZiNuV56w+FuNxy3ty2Q=="],

    "sync-child-process": ["sync-child-process@1.0.2", "", { "dependencies": { "sync-message-port": "^1.0.0" } }, "sha512-8lD+t2KrrScJ/7KXCSyfhT3/hRq78rC0wBFqNJXv3mZyn6hW2ypM05JmlSvtqRbeq6jqA94oHbxAr2vYsJ8vDA=="],

    "sync-message-port": ["sync-message-port@1.1.3", "", {}, "sha512-GTt8rSKje5FilG+wEdfCkOcLL7LWqpMlr2c3LRuKt/YXxcJ52aGSbGBAdI4L3aaqfrBt6y711El53ItyH1NWzg=="],

    "to-regex-range": ["to-regex-range@5.0.1", "", { "dependencies": { "is-number": "^7.0.0" } }, "sha512-65P7iz6X5yEr1cwcgvQxbbIw7Uk3gOy5dIdtZ4rDveLqhrdJP+Li/Hx6tyK0NEb+2GCyneCMJiGqrADCSNk8sQ=="],

    "tslib": ["tslib@2.8.1", "", {}, "sha512-oJFu94HQb+KVduSUQL7wnpmqnfmLsOA/nAh6b6EH0wCEoK0/mPeXU6c3wKDV83MkOuHPRHtSXKKU99IBazS/2w=="],

    "typescript": ["typescript@5.9.3", "", { "bin": { "tsc": "bin/tsc", "tsserver": "bin/tsserver" } }, "sha512-jl1vZzPDinLr9eUt3J/t7V6FgNEw9QjvBPdysz9KfQDD41fQrC2Y4vKQdiaUpFT4bXlb1RHhLpp8wtm6M5TgSw=="],

    "undici-types": ["undici-types@7.16.0", "", {}, "sha512-Zz+aZWSj8LE6zoxD+xrjh4VfkIG8Ya6LvYkZqtUQGJPZjYl53ypCaUwWqo7eI0x66KBGeRo+mlBEkMSeSZ38Nw=="],

    "varint": ["varint@6.0.0", "", {}, "sha512-cXEIW6cfr15lFv563k4GuVuW/fiwjknytD37jIOLSdSWuOI6WnO/oKwmP2FQTU2l01LP8/M5TSAJpzUaGe3uWg=="],
  }
}
